
Microsoft Visual Studio Solution File, Format Version 10.00
# Visual Studio 2008
Project("{8BC9CEB8-8B4A-11D0-8D11-00A0C91BC942}") = "keytest", "keytest\keytest.vcproj", "{B550D534-A9F9-4288-9474-2813061D5697}"
EndProject
Global
	GlobalSection(SolutionConfigurationPlatforms) = preSolution
		Debug|Win32 = Debug|Win32
		Release|Win32 = Release|Win32
	EndGlobalSection
	GlobalSection(ProjectConfigurationPlatforms) = postSolution
		{B550D534-A9F9-4288-9474-2813061D5697}.Debug|Win32.ActiveCfg = Debug|Win32
		{B550D534-A9F9-4288-9474-2813061D5697}.Debug|Win32.Build.0 = Debug|Win32
		{B550D534-A9F9-4288-9474-2813061D5697}.Release|Win32.ActiveCfg = Release|Win32
		{B550D534-A9F9-4288-9474-2813061D5697}.Release|Win32.Build.0 = Release|Win32
	EndGlobalSection
	GlobalSection(SolutionProperties) = preSolution
		HideSolutionNode = FALSE
	EndGlobalSection
EndGlobal
