
Microsoft Visual Studio Solution File, Format Version 10.00
# Visual Studio 2008
Project("{8BC9CEB8-8B4A-11D0-8D11-00A0C91BC942}") = "GrabarzZad3", "GrabarzZad3\GrabarzZad3.vcproj", "{0AEA9A12-24C2-44AA-9DA9-EE41534369F0}"
EndProject
Global
	GlobalSection(SolutionConfigurationPlatforms) = preSolution
		Debug|Win32 = Debug|Win32
		Release|Win32 = Release|Win32
	EndGlobalSection
	GlobalSection(ProjectConfigurationPlatforms) = postSolution
		{0AEA9A12-24C2-44AA-9DA9-EE41534369F0}.Debug|Win32.ActiveCfg = Debug|Win32
		{0AEA9A12-24C2-44AA-9DA9-EE41534369F0}.Debug|Win32.Build.0 = Debug|Win32
		{0AEA9A12-24C2-44AA-9DA9-EE41534369F0}.Release|Win32.ActiveCfg = Release|Win32
		{0AEA9A12-24C2-44AA-9DA9-EE41534369F0}.Release|Win32.Build.0 = Release|Win32
	EndGlobalSection
	GlobalSection(SolutionProperties) = preSolution
		HideSolutionNode = FALSE
	EndGlobalSection
EndGlobal
